
Microsoft Visual Studio Solution File, Format Version 12.00
# Visual Studio Version 16
VisualStudioVersion = 16.0.29728.190
MinimumVisualStudioVersion = 10.0.40219.1
Project("{FAE04EC0-301F-11D3-BF4B-00C04F79EFBC}") = "MovieRecommender", "MovieRecommender\MovieRecommender.csproj", "{A937F41D-D21F-4F08-A743-B77E1EE87F36}"
EndProject
Global
	GlobalSection(SolutionConfigurationPlatforms) = preSolution
		Debug|Any CPU = Debug|Any CPU
		Release|Any CPU = Release|Any CPU
	EndGlobalSection
	GlobalSection(ProjectConfigurationPlatforms) = postSolution
		{A937F41D-D21F-4F08-A743-B77E1EE87F36}.Debug|Any CPU.ActiveCfg = Debug|Any CPU
		{A937F41D-D21F-4F08-A743-B77E1EE87F36}.Debug|Any CPU.Build.0 = Debug|Any CPU
		{A937F41D-D21F-4F08-A743-B77E1EE87F36}.Release|Any CPU.ActiveCfg = Release|Any CPU
		{A937F41D-D21F-4F08-A743-B77E1EE87F36}.Release|Any CPU.Build.0 = Release|Any CPU
	EndGlobalSection
	GlobalSection(SolutionProperties) = preSolution
		HideSolutionNode = FALSE
	EndGlobalSection
	GlobalSection(ExtensibilityGlobals) = postSolution
		SolutionGuid = {0187E6D3-10EE-4F98-A619-000624ADAD2B}
	EndGlobalSection
EndGlobal
